
Microsoft Visual Studio Solution File, Format Version 12.00
# Visual Studio 14
VisualStudioVersion = 14.0.24720.0
MinimumVisualStudioVersion = 10.0.40219.1
Project("{FAE04EC0-301F-11D3-BF4B-00C04F79EFBC}") = "CSharpExample", "CSharpExample\CSharpExample.csproj", "{835C7A50-4864-41DF-94C1-2CB0331301FF}"
EndProject
Global
	GlobalSection(SolutionConfigurationPlatforms) = preSolution
		Debug|Any CPU = Debug|Any CPU
		Release|Any CPU = Release|Any CPU
	EndGlobalSection
	GlobalSection(ProjectConfigurationPlatforms) = postSolution
		{835C7A50-4864-41DF-94C1-2CB0331301FF}.Debug|Any CPU.ActiveCfg = Debug|Any CPU
		{835C7A50-4864-41DF-94C1-2CB0331301FF}.Debug|Any CPU.Build.0 = Debug|Any CPU
		{835C7A50-4864-41DF-94C1-2CB0331301FF}.Release|Any CPU.ActiveCfg = Release|Any CPU
		{835C7A50-4864-41DF-94C1-2CB0331301FF}.Release|Any CPU.Build.0 = Release|Any CPU
	EndGlobalSection
	GlobalSection(SolutionProperties) = preSolution
		HideSolutionNode = FALSE
	EndGlobalSection
EndGlobal
